
Microsoft Visual Studio Solution File, Format Version 12.00
# Visual Studio Version 17
VisualStudioVersion = 17.0.31903.59
MinimumVisualStudioVersion = 10.0.40219.1
Project("{9A19103F-16F7-4668-BE54-9A1E7A4F7556}") = "MTADotNetCore.ConsoleApp", "MTADotNetCore.ConsoleApp\MTADotNetCore.ConsoleApp.csproj", "{F3533B56-ACE6-48E1-8845-997E92566A5A}"
EndProject
Project("{2150E333-8FDC-42A3-9474-1A3956D46DE8}") = "Documents", "Documents", "{3E64EF04-9741-45E3-B384-97A28823BB0F}"
	ProjectSection(SolutionItems) = preProject
		..\DotNetTrainingB4.sql = ..\DotNetTrainingB4.sql
		README.md = README.md
	EndProjectSection
EndProject
Project("{9A19103F-16F7-4668-BE54-9A1E7A4F7556}") = "MTADotNetCore.RestApi", "MTADotNetCore.RestApi\MTADotNetCore.RestApi.csproj", "{B2CE66D9-CF2F-4F81-B7DC-583849E3386A}"
EndProject
Project("{9A19103F-16F7-4668-BE54-9A1E7A4F7556}") = "MTADotNetCore.Shared", "MTADotNetCore.Shared\MTADotNetCore.Shared.csproj", "{B0C17FB5-ACF8-484A-97E9-339CB1A188FD}"
EndProject
Project("{9A19103F-16F7-4668-BE54-9A1E7A4F7556}") = "MTADotNetCore.ConsoleAppHttpClient", "MTADotNetCore.ConsoleAppHttpClient\MTADotNetCore.ConsoleAppHttpClient.csproj", "{8F777BAF-1FE5-440C-A015-685E33805F5A}"
EndProject
Project("{9A19103F-16F7-4668-BE54-9A1E7A4F7556}") = "MTADotNetCore.RestApiWithNLayer", "MTADotNetCore.RestApiWithNLayer\MTADotNetCore.RestApiWithNLayer.csproj", "{FB7652E1-4348-4DD9-B129-62D16FE07E21}"
EndProject
Project("{FAE04EC0-301F-11D3-BF4B-00C04F79EFBC}") = "MTADotNetCore.WinFormsApp", "MTADotNetCore.WinFormsApp\MTADotNetCore.WinFormsApp.csproj", "{095EA6F0-3EE6-4682-9D62-8C5A745307E2}"
EndProject
Global
	GlobalSection(SolutionConfigurationPlatforms) = preSolution
		Debug|Any CPU = Debug|Any CPU
		Release|Any CPU = Release|Any CPU
	EndGlobalSection
	GlobalSection(ProjectConfigurationPlatforms) = postSolution
		{F3533B56-ACE6-48E1-8845-997E92566A5A}.Debug|Any CPU.ActiveCfg = Debug|Any CPU
		{F3533B56-ACE6-48E1-8845-997E92566A5A}.Debug|Any CPU.Build.0 = Debug|Any CPU
		{F3533B56-ACE6-48E1-8845-997E92566A5A}.Release|Any CPU.ActiveCfg = Release|Any CPU
		{F3533B56-ACE6-48E1-8845-997E92566A5A}.Release|Any CPU.Build.0 = Release|Any CPU
		{B2CE66D9-CF2F-4F81-B7DC-583849E3386A}.Debug|Any CPU.ActiveCfg = Debug|Any CPU
		{B2CE66D9-CF2F-4F81-B7DC-583849E3386A}.Debug|Any CPU.Build.0 = Debug|Any CPU
		{B2CE66D9-CF2F-4F81-B7DC-583849E3386A}.Release|Any CPU.ActiveCfg = Release|Any CPU
		{B2CE66D9-CF2F-4F81-B7DC-583849E3386A}.Release|Any CPU.Build.0 = Release|Any CPU
		{B0C17FB5-ACF8-484A-97E9-339CB1A188FD}.Debug|Any CPU.ActiveCfg = Debug|Any CPU
		{B0C17FB5-ACF8-484A-97E9-339CB1A188FD}.Debug|Any CPU.Build.0 = Debug|Any CPU
		{B0C17FB5-ACF8-484A-97E9-339CB1A188FD}.Release|Any CPU.ActiveCfg = Release|Any CPU
		{B0C17FB5-ACF8-484A-97E9-339CB1A188FD}.Release|Any CPU.Build.0 = Release|Any CPU
		{8F777BAF-1FE5-440C-A015-685E33805F5A}.Debug|Any CPU.ActiveCfg = Debug|Any CPU
		{8F777BAF-1FE5-440C-A015-685E33805F5A}.Debug|Any CPU.Build.0 = Debug|Any CPU
		{8F777BAF-1FE5-440C-A015-685E33805F5A}.Release|Any CPU.ActiveCfg = Release|Any CPU
		{8F777BAF-1FE5-440C-A015-685E33805F5A}.Release|Any CPU.Build.0 = Release|Any CPU
		{FB7652E1-4348-4DD9-B129-62D16FE07E21}.Debug|Any CPU.ActiveCfg = Debug|Any CPU
		{FB7652E1-4348-4DD9-B129-62D16FE07E21}.Debug|Any CPU.Build.0 = Debug|Any CPU
		{FB7652E1-4348-4DD9-B129-62D16FE07E21}.Release|Any CPU.ActiveCfg = Release|Any CPU
		{FB7652E1-4348-4DD9-B129-62D16FE07E21}.Release|Any CPU.Build.0 = Release|Any CPU
		{095EA6F0-3EE6-4682-9D62-8C5A745307E2}.Debug|Any CPU.ActiveCfg = Debug|Any CPU
		{095EA6F0-3EE6-4682-9D62-8C5A745307E2}.Debug|Any CPU.Build.0 = Debug|Any CPU
		{095EA6F0-3EE6-4682-9D62-8C5A745307E2}.Release|Any CPU.ActiveCfg = Release|Any CPU
		{095EA6F0-3EE6-4682-9D62-8C5A745307E2}.Release|Any CPU.Build.0 = Release|Any CPU
	EndGlobalSection
	GlobalSection(SolutionProperties) = preSolution
		HideSolutionNode = FALSE
	EndGlobalSection
	GlobalSection(ExtensibilityGlobals) = postSolution
		SolutionGuid = {83301E99-E75A-46FD-9A23-858AA158ACD7}
	EndGlobalSection
EndGlobal
